
Microsoft Visual Studio Solution File, Format Version 12.00
# Visual Studio Version 17
VisualStudioVersion = 17.2.32630.192
MinimumVisualStudioVersion = 10.0.40219.1
Project("{FAE04EC0-301F-11D3-BF4B-00C04F79EFBC}") = "CrickAuctioner", "CrickAuctioner.csproj", "{93442839-1B7B-4E56-B8FD-8C2956C3F715}"
EndProject
Global
	GlobalSection(SolutionConfigurationPlatforms) = preSolution
		Debug|Any CPU = Debug|Any CPU
		Release|Any CPU = Release|Any CPU
	EndGlobalSection
	GlobalSection(ProjectConfigurationPlatforms) = postSolution
		{93442839-1B7B-4E56-B8FD-8C2956C3F715}.Debug|Any CPU.ActiveCfg = Debug|Any CPU
		{93442839-1B7B-4E56-B8FD-8C2956C3F715}.Debug|Any CPU.Build.0 = Debug|Any CPU
		{93442839-1B7B-4E56-B8FD-8C2956C3F715}.Release|Any CPU.ActiveCfg = Release|Any CPU
		{93442839-1B7B-4E56-B8FD-8C2956C3F715}.Release|Any CPU.Build.0 = Release|Any CPU
	EndGlobalSection
	GlobalSection(SolutionProperties) = preSolution
		HideSolutionNode = FALSE
	EndGlobalSection
	GlobalSection(ExtensibilityGlobals) = postSolution
		SolutionGuid = {47A7EA79-4E45-42A7-9A8F-C46AD511BEDB}
	EndGlobalSection
EndGlobal
